
Microsoft Visual Studio Solution File, Format Version 12.00
# Visual Studio Version 16
VisualStudioVersion = 16.0.31129.286
MinimumVisualStudioVersion = 10.0.40219.1
Project("{FAE04EC0-301F-11D3-BF4B-00C04F79EFBC}") = "AsyncAwaitTutorial", "AsyncAwaitTutorial.csproj", "{6C6763E0-6A54-4DC4-A3D1-90016E102278}"
EndProject
Global
	GlobalSection(SolutionConfigurationPlatforms) = preSolution
		Debug|Any CPU = Debug|Any CPU
		Release|Any CPU = Release|Any CPU
	EndGlobalSection
	GlobalSection(ProjectConfigurationPlatforms) = postSolution
		{6C6763E0-6A54-4DC4-A3D1-90016E102278}.Debug|Any CPU.ActiveCfg = Debug|Any CPU
		{6C6763E0-6A54-4DC4-A3D1-90016E102278}.Debug|Any CPU.Build.0 = Debug|Any CPU
		{6C6763E0-6A54-4DC4-A3D1-90016E102278}.Release|Any CPU.ActiveCfg = Release|Any CPU
		{6C6763E0-6A54-4DC4-A3D1-90016E102278}.Release|Any CPU.Build.0 = Release|Any CPU
	EndGlobalSection
	GlobalSection(SolutionProperties) = preSolution
		HideSolutionNode = FALSE
	EndGlobalSection
	GlobalSection(ExtensibilityGlobals) = postSolution
		SolutionGuid = {540CBD32-C94B-4B50-8D03-E978E5C37C27}
	EndGlobalSection
EndGlobal
